// !$*UTF8*$!
{
	archiveVersion = 1;
	classes = {
	};
	objectVersion = 77;
	objects = {

/* Begin PBXBuildFile section */
		0653A1FE2D0E9B3800779705 /* WatchConnectivitySample Watch App.app in Embed Watch Content */ = {isa = PBXBuildFile; fileRef = 0653A1FD2D0E9B3800779705 /* WatchConnectivitySample Watch App.app */; settings = {ATTRIBUTES = (RemoveHeadersOnCopy, ); }; };
		0653A2382D0E9C2700779705 /* ComposableWatchConnectivity in Frameworks */ = {isa = PBXBuildFile; productRef = 0653A2372D0E9C2700779705 /* ComposableWatchConnectivity */; };
		0653A23B2D0E9C3A00779705 /* ComposableWatchConnectivity in Frameworks */ = {isa = PBXBuildFile; productRef = 0653A23A2D0E9C3A00779705 /* ComposableWatchConnectivity */; };
/* End PBXBuildFile section */

/* Begin PBXContainerItemProxy section */
		0653A1FF2D0E9B3800779705 /* PBXContainerItemProxy */ = {
			isa = PBXContainerItemProxy;
			containerPortal = 0653A1CF2D0E9B3700779705 /* Project object */;
			proxyType = 1;
			remoteGlobalIDString = 0653A1FC2D0E9B3800779705;
			remoteInfo = "WatchConnectivitySample Watch App";
		};
/* End PBXContainerItemProxy section */

/* Begin PBXCopyFilesBuildPhase section */
		0653A2262D0E9B3900779705 /* Embed Watch Content */ = {
			isa = PBXCopyFilesBuildPhase;
			buildActionMask = 2147483647;
			dstPath = "$(CONTENTS_FOLDER_PATH)/Watch";
			dstSubfolderSpec = 16;
			files = (
				0653A1FE2D0E9B3800779705 /* WatchConnectivitySample Watch App.app in Embed Watch Content */,
			);
			name = "Embed Watch Content";
			runOnlyForDeploymentPostprocessing = 0;
		};
/* End PBXCopyFilesBuildPhase section */

/* Begin PBXFileReference section */
		0653A1D72D0E9B3700779705 /* WatchConnectivitySample.app */ = {isa = PBXFileReference; explicitFileType = wrapper.application; includeInIndex = 0; path = WatchConnectivitySample.app; sourceTree = BUILT_PRODUCTS_DIR; };
		0653A1FD2D0E9B3800779705 /* WatchConnectivitySample Watch App.app */ = {isa = PBXFileReference; explicitFileType = wrapper.application; includeInIndex = 0; path = "WatchConnectivitySample Watch App.app"; sourceTree = BUILT_PRODUCTS_DIR; };
/* End PBXFileReference section */

/* Begin PBXFileSystemSynchronizedRootGroup section */
		0653A1D92D0E9B3700779705 /* WatchConnectivitySample */ = {
			isa = PBXFileSystemSynchronizedRootGroup;
			path = WatchConnectivitySample;
			sourceTree = "<group>";
		};
		0653A2012D0E9B3800779705 /* WatchConnectivitySample Watch App */ = {
			isa = PBXFileSystemSynchronizedRootGroup;
			path = "WatchConnectivitySample Watch App";
			sourceTree = "<group>";
		};
/* End PBXFileSystemSynchronizedRootGroup section */

/* Begin PBXFrameworksBuildPhase section */
		0653A1D42D0E9B3700779705 /* Frameworks */ = {
			isa = PBXFrameworksBuildPhase;
			buildActionMask = 2147483647;
			files = (
				0653A2382D0E9C2700779705 /* ComposableWatchConnectivity in Frameworks */,
			);
			runOnlyForDeploymentPostprocessing = 0;
		};
		0653A1FA2D0E9B3800779705 /* Frameworks */ = {
			isa = PBXFrameworksBuildPhase;
			buildActionMask = 2147483647;
			files = (
				0653A23B2D0E9C3A00779705 /* ComposableWatchConnectivity in Frameworks */,
			);
			runOnlyForDeploymentPostprocessing = 0;
		};
/* End PBXFrameworksBuildPhase section */

/* Begin PBXGroup section */
		0653A1CE2D0E9B3700779705 = {
			isa = PBXGroup;
			children = (
				0653A1D92D0E9B3700779705 /* WatchConnectivitySample */,
				0653A2012D0E9B3800779705 /* WatchConnectivitySample Watch App */,
				0653A2392D0E9C3A00779705 /* Frameworks */,
				0653A1D82D0E9B3700779705 /* Products */,
			);
			sourceTree = "<group>";
		};
		0653A1D82D0E9B3700779705 /* Products */ = {
			isa = PBXGroup;
			children = (
				0653A1D72D0E9B3700779705 /* WatchConnectivitySample.app */,
				0653A1FD2D0E9B3800779705 /* WatchConnectivitySample Watch App.app */,
			);
			name = Products;
			sourceTree = "<group>";
		};
		0653A2392D0E9C3A00779705 /* Frameworks */ = {
			isa = PBXGroup;
			children = (
			);
			name = Frameworks;
			sourceTree = "<group>";
		};
/* End PBXGroup section */

/* Begin PBXNativeTarget section */
		0653A1D62D0E9B3700779705 /* WatchConnectivitySample */ = {
			isa = PBXNativeTarget;
			buildConfigurationList = 0653A2272D0E9B3900779705 /* Build configuration list for PBXNativeTarget "WatchConnectivitySample" */;
			buildPhases = (
				0653A1D32D0E9B3700779705 /* Sources */,
				0653A1D42D0E9B3700779705 /* Frameworks */,
				0653A1D52D0E9B3700779705 /* Resources */,
				0653A2262D0E9B3900779705 /* Embed Watch Content */,
			);
			buildRules = (
			);
			dependencies = (
				0653A2002D0E9B3800779705 /* PBXTargetDependency */,
			);
			fileSystemSynchronizedGroups = (
				0653A1D92D0E9B3700779705 /* WatchConnectivitySample */,
			);
			name = WatchConnectivitySample;
			packageProductDependencies = (
				0653A2372D0E9C2700779705 /* ComposableWatchConnectivity */,
			);
			productName = WatchConnectivitySample;
			productReference = 0653A1D72D0E9B3700779705 /* WatchConnectivitySample.app */;
			productType = "com.apple.product-type.application";
		};
		0653A1FC2D0E9B3800779705 /* WatchConnectivitySample Watch App */ = {
			isa = PBXNativeTarget;
			buildConfigurationList = 0653A2232D0E9B3900779705 /* Build configuration list for PBXNativeTarget "WatchConnectivitySample Watch App" */;
			buildPhases = (
				0653A1F92D0E9B3800779705 /* Sources */,
				0653A1FA2D0E9B3800779705 /* Frameworks */,
				0653A1FB2D0E9B3800779705 /* Resources */,
			);
			buildRules = (
			);
			dependencies = (
			);
			fileSystemSynchronizedGroups = (
				0653A2012D0E9B3800779705 /* WatchConnectivitySample Watch App */,
			);
			name = "WatchConnectivitySample Watch App";
			packageProductDependencies = (
				0653A23A2D0E9C3A00779705 /* ComposableWatchConnectivity */,
			);
			productName = "WatchConnectivitySample Watch App";
			productReference = 0653A1FD2D0E9B3800779705 /* WatchConnectivitySample Watch App.app */;
			productType = "com.apple.product-type.application";
		};
/* End PBXNativeTarget section */

/* Begin PBXProject section */
		0653A1CF2D0E9B3700779705 /* Project object */ = {
			isa = PBXProject;
			attributes = {
				BuildIndependentTargetsInParallel = 1;
				LastSwiftUpdateCheck = 1610;
				LastUpgradeCheck = 1610;
				TargetAttributes = {
					0653A1D62D0E9B3700779705 = {
						CreatedOnToolsVersion = 16.1;
					};
					0653A1FC2D0E9B3800779705 = {
						CreatedOnToolsVersion = 16.1;
					};
				};
			};
			buildConfigurationList = 0653A1D22D0E9B3700779705 /* Build configuration list for PBXProject "WatchConnectivitySample" */;
			developmentRegion = en;
			hasScannedForEncodings = 0;
			knownRegions = (
				en,
				Base,
			);
			mainGroup = 0653A1CE2D0E9B3700779705;
			minimizedProjectReferenceProxies = 1;
			packageReferences = (
				0653A2362D0E9C2700779705 /* XCRemoteSwiftPackageReference "ComposableWatchConnectivity" */,
			);
			preferredProjectObjectVersion = 77;
			productRefGroup = 0653A1D82D0E9B3700779705 /* Products */;
			projectDirPath = "";
			projectRoot = "";
			targets = (
				0653A1D62D0E9B3700779705 /* WatchConnectivitySample */,
				0653A1FC2D0E9B3800779705 /* WatchConnectivitySample Watch App */,
			);
		};
/* End PBXProject section */

/* Begin PBXResourcesBuildPhase section */
		0653A1D52D0E9B3700779705 /* Resources */ = {
			isa = PBXResourcesBuildPhase;
			buildActionMask = 2147483647;
			files = (
			);
			runOnlyForDeploymentPostprocessing = 0;
		};
		0653A1FB2D0E9B3800779705 /* Resources */ = {
			isa = PBXResourcesBuildPhase;
			buildActionMask = 2147483647;
			files = (
			);
			runOnlyForDeploymentPostprocessing = 0;
		};
/* End PBXResourcesBuildPhase section */

/* Begin PBXSourcesBuildPhase section */
		0653A1D32D0E9B3700779705 /* Sources */ = {
			isa = PBXSourcesBuildPhase;
			buildActionMask = 2147483647;
			files = (
			);
			runOnlyForDeploymentPostprocessing = 0;
		};
		0653A1F92D0E9B3800779705 /* Sources */ = {
			isa = PBXSourcesBuildPhase;
			buildActionMask = 2147483647;
			files = (
			);
			runOnlyForDeploymentPostprocessing = 0;
		};
/* End PBXSourcesBuildPhase section */

/* Begin PBXTargetDependency section */
		0653A2002D0E9B3800779705 /* PBXTargetDependency */ = {
			isa = PBXTargetDependency;
			target = 0653A1FC2D0E9B3800779705 /* WatchConnectivitySample Watch App */;
			targetProxy = 0653A1FF2D0E9B3800779705 /* PBXContainerItemProxy */;
		};
/* End PBXTargetDependency section */

/* Begin XCBuildConfiguration section */
		0653A2212D0E9B3900779705 /* Debug */ = {
			isa = XCBuildConfiguration;
			buildSettings = {
				ALWAYS_SEARCH_USER_PATHS = NO;
				ASSETCATALOG_COMPILER_GENERATE_SWIFT_ASSET_SYMBOL_EXTENSIONS = YES;
				CLANG_ANALYZER_NONNULL = YES;
				CLANG_ANALYZER_NUMBER_OBJECT_CONVERSION = YES_AGGRESSIVE;
				CLANG_CXX_LANGUAGE_STANDARD = "gnu++20";
				CLANG_ENABLE_MODULES = YES;
				CLANG_ENABLE_OBJC_ARC = YES;
				CLANG_ENABLE_OBJC_WEAK = YES;
				CLANG_WARN_BLOCK_CAPTURE_AUTORELEASING = YES;
				CLANG_WARN_BOOL_CONVERSION = YES;
				CLANG_WARN_COMMA = YES;
				CLANG_WARN_CONSTANT_CONVERSION = YES;
				CLANG_WARN_DEPRECATED_OBJC_IMPLEMENTATIONS = YES;
				CLANG_WARN_DIRECT_OBJC_ISA_USAGE = YES_ERROR;
				CLANG_WARN_DOCUMENTATION_COMMENTS = YES;
				CLANG_WARN_EMPTY_BODY = YES;
				CLANG_WARN_ENUM_CONVERSION = YES;
				CLANG_WARN_INFINITE_RECURSION = YES;
				CLANG_WARN_INT_CONVERSION = YES;
				CLANG_WARN_NON_LITERAL_NULL_CONVERSION = YES;
				CLANG_WARN_OBJC_IMPLICIT_RETAIN_SELF = YES;
				CLANG_WARN_OBJC_LITERAL_CONVERSION = YES;
				CLANG_WARN_OBJC_ROOT_CLASS = YES_ERROR;
				CLANG_WARN_QUOTED_INCLUDE_IN_FRAMEWORK_HEADER = YES;
				CLANG_WARN_RANGE_LOOP_ANALYSIS = YES;
				CLANG_WARN_STRICT_PROTOTYPES = YES;
				CLANG_WARN_SUSPICIOUS_MOVE = YES;
				CLANG_WARN_UNGUARDED_AVAILABILITY = YES_AGGRESSIVE;
				CLANG_WARN_UNREACHABLE_CODE = YES;
				CLANG_WARN__DUPLICATE_METHOD_MATCH = YES;
				COPY_PHASE_STRIP = NO;
				DEBUG_INFORMATION_FORMAT = dwarf;
				ENABLE_STRICT_OBJC_MSGSEND = YES;
				ENABLE_TESTABILITY = YES;
				ENABLE_USER_SCRIPT_SANDBOXING = YES;
				GCC_C_LANGUAGE_STANDARD = gnu17;
				GCC_DYNAMIC_NO_PIC = NO;
				GCC_NO_COMMON_BLOCKS = YES;
				GCC_OPTIMIZATION_LEVEL = 0;
				GCC_PREPROCESSOR_DEFINITIONS = (
					"DEBUG=1",
					"$(inherited)",
				);
				GCC_WARN_64_TO_32_BIT_CONVERSION = YES;
				GCC_WARN_ABOUT_RETURN_TYPE = YES_ERROR;
				GCC_WARN_UNDECLARED_SELECTOR = YES;
				GCC_WARN_UNINITIALIZED_AUTOS = YES_AGGRESSIVE;
				GCC_WARN_UNUSED_FUNCTION = YES;
				GCC_WARN_UNUSED_VARIABLE = YES;
				LOCALIZATION_PREFERS_STRING_CATALOGS = YES;
				MTL_ENABLE_DEBUG_INFO = INCLUDE_SOURCE;
				MTL_FAST_MATH = YES;
				ONLY_ACTIVE_ARCH = YES;
				SWIFT_ACTIVE_COMPILATION_CONDITIONS = "DEBUG $(inherited)";
				SWIFT_OPTIMIZATION_LEVEL = "-Onone";
			};
			name = Debug;
		};
		0653A2222D0E9B3900779705 /* Release */ = {
			isa = XCBuildConfiguration;
			buildSettings = {
				ALWAYS_SEARCH_USER_PATHS = NO;
				ASSETCATALOG_COMPILER_GENERATE_SWIFT_ASSET_SYMBOL_EXTENSIONS = YES;
				CLANG_ANALYZER_NONNULL = YES;
				CLANG_ANALYZER_NUMBER_OBJECT_CONVERSION = YES_AGGRESSIVE;
				CLANG_CXX_LANGUAGE_STANDARD = "gnu++20";
				CLANG_ENABLE_MODULES = YES;
				CLANG_ENABLE_OBJC_ARC = YES;
				CLANG_ENABLE_OBJC_WEAK = YES;
				CLANG_WARN_BLOCK_CAPTURE_AUTORELEASING = YES;
				CLANG_WARN_BOOL_CONVERSION = YES;
				CLANG_WARN_COMMA = YES;
				CLANG_WARN_CONSTANT_CONVERSION = YES;
				CLANG_WARN_DEPRECATED_OBJC_IMPLEMENTATIONS = YES;
				CLANG_WARN_DIRECT_OBJC_ISA_USAGE = YES_ERROR;
				CLANG_WARN_DOCUMENTATION_COMMENTS = YES;
				CLANG_WARN_EMPTY_BODY = YES;
				CLANG_WARN_ENUM_CONVERSION = YES;
				CLANG_WARN_INFINITE_RECURSION = YES;
				CLANG_WARN_INT_CONVERSION = YES;
				CLANG_WARN_NON_LITERAL_NULL_CONVERSION = YES;
				CLANG_WARN_OBJC_IMPLICIT_RETAIN_SELF = YES;
				CLANG_WARN_OBJC_LITERAL_CONVERSION = YES;
				CLANG_WARN_OBJC_ROOT_CLASS = YES_ERROR;
				CLANG_WARN_QUOTED_INCLUDE_IN_FRAMEWORK_HEADER = YES;
				CLANG_WARN_RANGE_LOOP_ANALYSIS = YES;
				CLANG_WARN_STRICT_PROTOTYPES = YES;
				CLANG_WARN_SUSPICIOUS_MOVE = YES;
				CLANG_WARN_UNGUARDED_AVAILABILITY = YES_AGGRESSIVE;
				CLANG_WARN_UNREACHABLE_CODE = YES;
				CLANG_WARN__DUPLICATE_METHOD_MATCH = YES;
				COPY_PHASE_STRIP = NO;
				DEBUG_INFORMATION_FORMAT = "dwarf-with-dsym";
				ENABLE_NS_ASSERTIONS = NO;
				ENABLE_STRICT_OBJC_MSGSEND = YES;
				ENABLE_USER_SCRIPT_SANDBOXING = YES;
				GCC_C_LANGUAGE_STANDARD = gnu17;
				GCC_NO_COMMON_BLOCKS = YES;
				GCC_WARN_64_TO_32_BIT_CONVERSION = YES;
				GCC_WARN_ABOUT_RETURN_TYPE = YES_ERROR;
				GCC_WARN_UNDECLARED_SELECTOR = YES;
				GCC_WARN_UNINITIALIZED_AUTOS = YES_AGGRESSIVE;
				GCC_WARN_UNUSED_FUNCTION = YES;
				GCC_WARN_UNUSED_VARIABLE = YES;
				LOCALIZATION_PREFERS_STRING_CATALOGS = YES;
				MTL_ENABLE_DEBUG_INFO = NO;
				MTL_FAST_MATH = YES;
				SWIFT_COMPILATION_MODE = wholemodule;
			};
			name = Release;
		};
		0653A2242D0E9B3900779705 /* Debug */ = {
			isa = XCBuildConfiguration;
			buildSettings = {
				ASSETCATALOG_COMPILER_APPICON_NAME = AppIcon;
				ASSETCATALOG_COMPILER_GLOBAL_ACCENT_COLOR_NAME = AccentColor;
				CODE_SIGN_STYLE = Automatic;
				CURRENT_PROJECT_VERSION = 1;
				DEVELOPMENT_ASSET_PATHS = "\"WatchConnectivitySample Watch App/Preview Content\"";
				DEVELOPMENT_TEAM = XY3JGCC3JU;
				ENABLE_PREVIEWS = YES;
				GENERATE_INFOPLIST_FILE = YES;
				INFOPLIST_KEY_CFBundleDisplayName = WatchConnectivitySample;
				INFOPLIST_KEY_UISupportedInterfaceOrientations = "UIInterfaceOrientationPortrait UIInterfaceOrientationPortraitUpsideDown";
				INFOPLIST_KEY_WKCompanionAppBundleIdentifier = Ueeek.WatchConnectivitySample;
				LD_RUNPATH_SEARCH_PATHS = (
					"$(inherited)",
					"@executable_path/Frameworks",
				);
				MARKETING_VERSION = 1.0;
				PRODUCT_BUNDLE_IDENTIFIER = Ueeek.WatchConnectivitySample.watchkitapp;
				PRODUCT_NAME = "$(TARGET_NAME)";
				SDKROOT = watchos;
				SKIP_INSTALL = YES;
				SWIFT_EMIT_LOC_STRINGS = YES;
				SWIFT_VERSION = 5.0;
				TARGETED_DEVICE_FAMILY = 4;
				WATCHOS_DEPLOYMENT_TARGET = 10.6;
			};
			name = Debug;
		};
		0653A2252D0E9B3900779705 /* Release */ = {
			isa = XCBuildConfiguration;
			buildSettings = {
				ASSETCATALOG_COMPILER_APPICON_NAME = AppIcon;
				ASSETCATALOG_COMPILER_GLOBAL_ACCENT_COLOR_NAME = AccentColor;
				CODE_SIGN_STYLE = Automatic;
				CURRENT_PROJECT_VERSION = 1;
				DEVELOPMENT_ASSET_PATHS = "\"WatchConnectivitySample Watch App/Preview Content\"";
				DEVELOPMENT_TEAM = XY3JGCC3JU;
				ENABLE_PREVIEWS = YES;
				GENERATE_INFOPLIST_FILE = YES;
				INFOPLIST_KEY_CFBundleDisplayName = WatchConnectivitySample;
				INFOPLIST_KEY_UISupportedInterfaceOrientations = "UIInterfaceOrientationPortrait UIInterfaceOrientationPortraitUpsideDown";
				INFOPLIST_KEY_WKCompanionAppBundleIdentifier = Ueeek.WatchConnectivitySample;
				LD_RUNPATH_SEARCH_PATHS = (
					"$(inherited)",
					"@executable_path/Frameworks",
				);
				MARKETING_VERSION = 1.0;
				PRODUCT_BUNDLE_IDENTIFIER = Ueeek.WatchConnectivitySample.watchkitapp;
				PRODUCT_NAME = "$(TARGET_NAME)";
				SDKROOT = watchos;
				SKIP_INSTALL = YES;
				SWIFT_EMIT_LOC_STRINGS = YES;
				SWIFT_VERSION = 5.0;
				TARGETED_DEVICE_FAMILY = 4;
				VALIDATE_PRODUCT = YES;
				WATCHOS_DEPLOYMENT_TARGET = 10.6;
			};
			name = Release;
		};
		0653A2282D0E9B3900779705 /* Debug */ = {
			isa = XCBuildConfiguration;
			buildSettings = {
				ASSETCATALOG_COMPILER_APPICON_NAME = AppIcon;
				ASSETCATALOG_COMPILER_GLOBAL_ACCENT_COLOR_NAME = AccentColor;
				CODE_SIGN_STYLE = Automatic;
				CURRENT_PROJECT_VERSION = 1;
				DEVELOPMENT_ASSET_PATHS = "\"WatchConnectivitySample/Preview Content\"";
				DEVELOPMENT_TEAM = XY3JGCC3JU;
				ENABLE_PREVIEWS = YES;
				GENERATE_INFOPLIST_FILE = YES;
				INFOPLIST_KEY_CFBundleDisplayName = WatchConnectivitySample;
				INFOPLIST_KEY_UIApplicationSceneManifest_Generation = YES;
				INFOPLIST_KEY_UIApplicationSupportsIndirectInputEvents = YES;
				INFOPLIST_KEY_UILaunchScreen_Generation = YES;
				INFOPLIST_KEY_UISupportedInterfaceOrientations_iPad = "UIInterfaceOrientationPortrait UIInterfaceOrientationPortraitUpsideDown UIInterfaceOrientationLandscapeLeft UIInterfaceOrientationLandscapeRight";
				INFOPLIST_KEY_UISupportedInterfaceOrientations_iPhone = "UIInterfaceOrientationPortrait UIInterfaceOrientationLandscapeLeft UIInterfaceOrientationLandscapeRight";
				IPHONEOS_DEPLOYMENT_TARGET = 17.6;
				LD_RUNPATH_SEARCH_PATHS = (
					"$(inherited)",
					"@executable_path/Frameworks",
				);
				MARKETING_VERSION = 1.0;
				PRODUCT_BUNDLE_IDENTIFIER = Ueeek.WatchConnectivitySample;
				PRODUCT_NAME = "$(TARGET_NAME)";
				SDKROOT = iphoneos;
				SWIFT_EMIT_LOC_STRINGS = YES;
				SWIFT_VERSION = 5.0;
				TARGETED_DEVICE_FAMILY = "1,2";
			};
			name = Debug;
		};
		0653A2292D0E9B3900779705 /* Release */ = {
			isa = XCBuildConfiguration;
			buildSettings = {
				ASSETCATALOG_COMPILER_APPICON_NAME = AppIcon;
				ASSETCATALOG_COMPILER_GLOBAL_ACCENT_COLOR_NAME = AccentColor;
				CODE_SIGN_STYLE = Automatic;
				CURRENT_PROJECT_VERSION = 1;
				DEVELOPMENT_ASSET_PATHS = "\"WatchConnectivitySample/Preview Content\"";
				DEVELOPMENT_TEAM = XY3JGCC3JU;
				ENABLE_PREVIEWS = YES;
				GENERATE_INFOPLIST_FILE = YES;
				INFOPLIST_KEY_CFBundleDisplayName = WatchConnectivitySample;
				INFOPLIST_KEY_UIApplicationSceneManifest_Generation = YES;
				INFOPLIST_KEY_UIApplicationSupportsIndirectInputEvents = YES;
				INFOPLIST_KEY_UILaunchScreen_Generation = YES;
				INFOPLIST_KEY_UISupportedInterfaceOrientations_iPad = "UIInterfaceOrientationPortrait UIInterfaceOrientationPortraitUpsideDown UIInterfaceOrientationLandscapeLeft UIInterfaceOrientationLandscapeRight";
				INFOPLIST_KEY_UISupportedInterfaceOrientations_iPhone = "UIInterfaceOrientationPortrait UIInterfaceOrientationLandscapeLeft UIInterfaceOrientationLandscapeRight";
				IPHONEOS_DEPLOYMENT_TARGET = 17.6;
				LD_RUNPATH_SEARCH_PATHS = (
					"$(inherited)",
					"@executable_path/Frameworks",
				);
				MARKETING_VERSION = 1.0;
				PRODUCT_BUNDLE_IDENTIFIER = Ueeek.WatchConnectivitySample;
				PRODUCT_NAME = "$(TARGET_NAME)";
				SDKROOT = iphoneos;
				SWIFT_EMIT_LOC_STRINGS = YES;
				SWIFT_VERSION = 5.0;
				TARGETED_DEVICE_FAMILY = "1,2";
				VALIDATE_PRODUCT = YES;
			};
			name = Release;
		};
/* End XCBuildConfiguration section */

/* Begin XCConfigurationList section */
		0653A1D22D0E9B3700779705 /* Build configuration list for PBXProject "WatchConnectivitySample" */ = {
			isa = XCConfigurationList;
			buildConfigurations = (
				0653A2212D0E9B3900779705 /* Debug */,
				0653A2222D0E9B3900779705 /* Release */,
			);
			defaultConfigurationIsVisible = 0;
			defaultConfigurationName = Release;
		};
		0653A2232D0E9B3900779705 /* Build configuration list for PBXNativeTarget "WatchConnectivitySample Watch App" */ = {
			isa = XCConfigurationList;
			buildConfigurations = (
				0653A2242D0E9B3900779705 /* Debug */,
				0653A2252D0E9B3900779705 /* Release */,
			);
			defaultConfigurationIsVisible = 0;
			defaultConfigurationName = Release;
		};
		0653A2272D0E9B3900779705 /* Build configuration list for PBXNativeTarget "WatchConnectivitySample" */ = {
			isa = XCConfigurationList;
			buildConfigurations = (
				0653A2282D0E9B3900779705 /* Debug */,
				0653A2292D0E9B3900779705 /* Release */,
			);
			defaultConfigurationIsVisible = 0;
			defaultConfigurationName = Release;
		};
/* End XCConfigurationList section */

/* Begin XCRemoteSwiftPackageReference section */
		0653A2362D0E9C2700779705 /* XCRemoteSwiftPackageReference "ComposableWatchConnectivity" */ = {
			isa = XCRemoteSwiftPackageReference;
			repositoryURL = "https://github.com/Ueeek/ComposableWatchConnectivity";
			requirement = {
				branch = main;
				kind = branch;
			};
		};
/* End XCRemoteSwiftPackageReference section */

/* Begin XCSwiftPackageProductDependency section */
		0653A2372D0E9C2700779705 /* ComposableWatchConnectivity */ = {
			isa = XCSwiftPackageProductDependency;
			package = 0653A2362D0E9C2700779705 /* XCRemoteSwiftPackageReference "ComposableWatchConnectivity" */;
			productName = ComposableWatchConnectivity;
		};
		0653A23A2D0E9C3A00779705 /* ComposableWatchConnectivity */ = {
			isa = XCSwiftPackageProductDependency;
			package = 0653A2362D0E9C2700779705 /* XCRemoteSwiftPackageReference "ComposableWatchConnectivity" */;
			productName = ComposableWatchConnectivity;
		};
/* End XCSwiftPackageProductDependency section */
	};
	rootObject = 0653A1CF2D0E9B3700779705 /* Project object */;
}
